// !$*UTF8*$!
{
	archiveVersion = 1;
	classes = {
	};
	objectVersion = 56;
	objects = {

/* Begin PBXBuildFile section */
		0A17778E2B922AE300A635DD /* EventModel.swift in Sources */ = {isa = PBXBuildFile; fileRef = 0A17778D2B922AE300A635DD /* EventModel.swift */; };
		0A1777922B922CC600A635DD /* NewEventView.swift in Sources */ = {isa = PBXBuildFile; fileRef = 0A1777912B922CC600A635DD /* NewEventView.swift */; };
		0A1777942B922CFE00A635DD /* SportsScroll.swift in Sources */ = {isa = PBXBuildFile; fileRef = 0A1777932B922CFE00A635DD /* SportsScroll.swift */; };
		0A1777962B922D6500A635DD /* NewEventViewModel.swift in Sources */ = {isa = PBXBuildFile; fileRef = 0A1777952B922D6500A635DD /* NewEventViewModel.swift */; };
		0A1777982B92319200A635DD /* DatePickerTextField.swift in Sources */ = {isa = PBXBuildFile; fileRef = 0A1777972B92319200A635DD /* DatePickerTextField.swift */; };
		0A17779A2B9235E100A635DD /* EventCell.swift in Sources */ = {isa = PBXBuildFile; fileRef = 0A1777992B9235E100A635DD /* EventCell.swift */; };
		0A17779C2B92373F00A635DD /* EventDetailView.swift in Sources */ = {isa = PBXBuildFile; fileRef = 0A17779B2B92373F00A635DD /* EventDetailView.swift */; };
		0A1777A02B9239EC00A635DD /* Functions.swift in Sources */ = {isa = PBXBuildFile; fileRef = 0A17779F2B9239EC00A635DD /* Functions.swift */; };
		0A1777A22B923F4300A635DD /* UISegmentedControl.swift in Sources */ = {isa = PBXBuildFile; fileRef = 0A1777A12B923F4300A635DD /* UISegmentedControl.swift */; };
		0A1777A42B923FE100A635DD /* BudgetCell.swift in Sources */ = {isa = PBXBuildFile; fileRef = 0A1777A32B923FE100A635DD /* BudgetCell.swift */; };
		0A1777A62B92403400A635DD /* BudgetModel.swift in Sources */ = {isa = PBXBuildFile; fileRef = 0A1777A52B92403400A635DD /* BudgetModel.swift */; };
		0A1777AA2B9243AA00A635DD /* BudgetTabViewModel.swift in Sources */ = {isa = PBXBuildFile; fileRef = 0A1777A92B9243AA00A635DD /* BudgetTabViewModel.swift */; };
		0A1777AC2B924A1700A635DD /* NewBudgetView.swift in Sources */ = {isa = PBXBuildFile; fileRef = 0A1777AB2B924A1700A635DD /* NewBudgetView.swift */; };
		0A1777AE2B924AA500A635DD /* NewBudgetViewModel.swift in Sources */ = {isa = PBXBuildFile; fileRef = 0A1777AD2B924AA500A635DD /* NewBudgetViewModel.swift */; };
		0A1F8F2D2B90EC0C006A9F46 /* LoadingViewModel.swift in Sources */ = {isa = PBXBuildFile; fileRef = 0A1F8F2C2B90EC0C006A9F46 /* LoadingViewModel.swift */; };
		0A1F8F302B90EE2D006A9F46 /* CustomButton.swift in Sources */ = {isa = PBXBuildFile; fileRef = 0A1F8F2F2B90EE2D006A9F46 /* CustomButton.swift */; };
		0A1F8F322B90EF44006A9F46 /* OnboardingView.swift in Sources */ = {isa = PBXBuildFile; fileRef = 0A1F8F312B90EF44006A9F46 /* OnboardingView.swift */; };
		0A1F8F342B90EF4D006A9F46 /* OnboardingViewModel.swift in Sources */ = {isa = PBXBuildFile; fileRef = 0A1F8F332B90EF4D006A9F46 /* OnboardingViewModel.swift */; };
		0A1F8F362B90F295006A9F46 /* PageIndicator.swift in Sources */ = {isa = PBXBuildFile; fileRef = 0A1F8F352B90F295006A9F46 /* PageIndicator.swift */; };
		0A1F8F382B9132A5006A9F46 /* TabBarView.swift in Sources */ = {isa = PBXBuildFile; fileRef = 0A1F8F372B9132A5006A9F46 /* TabBarView.swift */; };
		0A1F8F3D2B913330006A9F46 /* ArticlesTabView.swift in Sources */ = {isa = PBXBuildFile; fileRef = 0A1F8F3C2B913330006A9F46 /* ArticlesTabView.swift */; };
		0A1F8F3F2B913337006A9F46 /* EventsTabView.swift in Sources */ = {isa = PBXBuildFile; fileRef = 0A1F8F3E2B913337006A9F46 /* EventsTabView.swift */; };
		0A1F8F412B91333E006A9F46 /* BudgetTabView.swift in Sources */ = {isa = PBXBuildFile; fileRef = 0A1F8F402B91333E006A9F46 /* BudgetTabView.swift */; };
		0A1F8F432B913345006A9F46 /* PostsTabView.swift in Sources */ = {isa = PBXBuildFile; fileRef = 0A1F8F422B913345006A9F46 /* PostsTabView.swift */; };
		0A1F8F452B91334B006A9F46 /* SettingsTabView.swift in Sources */ = {isa = PBXBuildFile; fileRef = 0A1F8F442B91334B006A9F46 /* SettingsTabView.swift */; };
		0A1F8F4A2B913834006A9F46 /* NavigationBar.swift in Sources */ = {isa = PBXBuildFile; fileRef = 0A1F8F492B913834006A9F46 /* NavigationBar.swift */; };
		0A1F8F4D2B9139F4006A9F46 /* Realm in Frameworks */ = {isa = PBXBuildFile; productRef = 0A1F8F4C2B9139F4006A9F46 /* Realm */; };
		0A1F8F4F2B9139F4006A9F46 /* RealmSwift in Frameworks */ = {isa = PBXBuildFile; productRef = 0A1F8F4E2B9139F4006A9F46 /* RealmSwift */; };
		0A1F8F522B913A0A006A9F46 /* ArticleModel.swift in Sources */ = {isa = PBXBuildFile; fileRef = 0A1F8F512B913A0A006A9F46 /* ArticleModel.swift */; };
		0A1F8F542B913BC8006A9F46 /* NewArticleView.swift in Sources */ = {isa = PBXBuildFile; fileRef = 0A1F8F532B913BC8006A9F46 /* NewArticleView.swift */; };
		0A1F8F562B913BE3006A9F46 /* CustomTextField.swift in Sources */ = {isa = PBXBuildFile; fileRef = 0A1F8F552B913BE3006A9F46 /* CustomTextField.swift */; };
		0A1F8F5A2B913E7B006A9F46 /* StatusTextField.swift in Sources */ = {isa = PBXBuildFile; fileRef = 0A1F8F592B913E7B006A9F46 /* StatusTextField.swift */; };
		0A1F8F5E2B9147EB006A9F46 /* NewArticleViewModel.swift in Sources */ = {isa = PBXBuildFile; fileRef = 0A1F8F5D2B9147EB006A9F46 /* NewArticleViewModel.swift */; };
		0A1F8F602B915017006A9F46 /* ArticlesTabViewModel.swift in Sources */ = {isa = PBXBuildFile; fileRef = 0A1F8F5F2B915017006A9F46 /* ArticlesTabViewModel.swift */; };
		0A1F8F632B9151D7006A9F46 /* ArticleCell.swift in Sources */ = {isa = PBXBuildFile; fileRef = 0A1F8F622B9151D7006A9F46 /* ArticleCell.swift */; };
		0A1F8F662B9152FE006A9F46 /* ArticleDetailView.swift in Sources */ = {isa = PBXBuildFile; fileRef = 0A1F8F652B9152FE006A9F46 /* ArticleDetailView.swift */; };
		0A1F8F692B9153A7006A9F46 /* DragIndicator.swift in Sources */ = {isa = PBXBuildFile; fileRef = 0A1F8F682B9153A7006A9F46 /* DragIndicator.swift */; };
		0A1F8F6D2B916A27006A9F46 /* SettingsTabViewModel.swift in Sources */ = {isa = PBXBuildFile; fileRef = 0A1F8F6C2B916A27006A9F46 /* SettingsTabViewModel.swift */; };
		0A1F8F702B916FBE006A9F46 /* ActivityView.swift in Sources */ = {isa = PBXBuildFile; fileRef = 0A1F8F6F2B916FBE006A9F46 /* ActivityView.swift */; };
		0A41825B2B92731E0054946D /* EventsTabViewModel.swift in Sources */ = {isa = PBXBuildFile; fileRef = 0A41825A2B92731E0054946D /* EventsTabViewModel.swift */; };
		0A41825D2B92753A0054946D /* PostsModel.swift in Sources */ = {isa = PBXBuildFile; fileRef = 0A41825C2B92753A0054946D /* PostsModel.swift */; };
		0A41825F2B92758A0054946D /* PostsTabViewModel.swift in Sources */ = {isa = PBXBuildFile; fileRef = 0A41825E2B92758A0054946D /* PostsTabViewModel.swift */; };
		0A4182612B9275D60054946D /* NewPostView.swift in Sources */ = {isa = PBXBuildFile; fileRef = 0A4182602B9275D60054946D /* NewPostView.swift */; };
		0A4182632B9275FE0054946D /* NewPostViewModel.swift in Sources */ = {isa = PBXBuildFile; fileRef = 0A4182622B9275FE0054946D /* NewPostViewModel.swift */; };
		0A4182652B9277330054946D /* PostCell.swift in Sources */ = {isa = PBXBuildFile; fileRef = 0A4182642B9277330054946D /* PostCell.swift */; };
		0A4182672B9277FF0054946D /* PostDetailView.swift in Sources */ = {isa = PBXBuildFile; fileRef = 0A4182662B9277FF0054946D /* PostDetailView.swift */; };
		0A4EFD902B8F953600DA4FA5 /* JNApp.swift in Sources */ = {isa = PBXBuildFile; fileRef = 0A4EFD7D2B8F953600DA4FA5 /* JNApp.swift */; };
		0A4EFD912B8F953600DA4FA5 /* Assets.xcassets in Resources */ = {isa = PBXBuildFile; fileRef = 0A4EFD7F2B8F953600DA4FA5 /* Assets.xcassets */; };
		0A4EFD922B8F953600DA4FA5 /* Preview Assets.xcassets in Resources */ = {isa = PBXBuildFile; fileRef = 0A4EFD812B8F953600DA4FA5 /* Preview Assets.xcassets */; };
		0A4EFD932B8F953600DA4FA5 /* Launch Screen.storyboard in Resources */ = {isa = PBXBuildFile; fileRef = 0A4EFD822B8F953600DA4FA5 /* Launch Screen.storyboard */; };
		0A4EFD952B8F953600DA4FA5 /* LoadingView.swift in Sources */ = {isa = PBXBuildFile; fileRef = 0A4EFD852B8F953600DA4FA5 /* LoadingView.swift */; };
		0A4EFD962B8F953600DA4FA5 /* StorageService.swift in Sources */ = {isa = PBXBuildFile; fileRef = 0A4EFD882B8F953600DA4FA5 /* StorageService.swift */; };
		0A4EFD972B8F953600DA4FA5 /* Constants.swift in Sources */ = {isa = PBXBuildFile; fileRef = 0A4EFD8A2B8F953600DA4FA5 /* Constants.swift */; };
		0A4EFD982B8F953600DA4FA5 /* View.swift in Sources */ = {isa = PBXBuildFile; fileRef = 0A4EFD8C2B8F953600DA4FA5 /* View.swift */; };
/* End PBXBuildFile section */

/* Begin PBXFileReference section */
		0A17778D2B922AE300A635DD /* EventModel.swift */ = {isa = PBXFileReference; lastKnownFileType = sourcecode.swift; path = EventModel.swift; sourceTree = "<group>"; };
		0A1777912B922CC600A635DD /* NewEventView.swift */ = {isa = PBXFileReference; lastKnownFileType = sourcecode.swift; path = NewEventView.swift; sourceTree = "<group>"; };
		0A1777932B922CFE00A635DD /* SportsScroll.swift */ = {isa = PBXFileReference; lastKnownFileType = sourcecode.swift; path = SportsScroll.swift; sourceTree = "<group>"; };
		0A1777952B922D6500A635DD /* NewEventViewModel.swift */ = {isa = PBXFileReference; lastKnownFileType = sourcecode.swift; path = NewEventViewModel.swift; sourceTree = "<group>"; };
		0A1777972B92319200A635DD /* DatePickerTextField.swift */ = {isa = PBXFileReference; lastKnownFileType = sourcecode.swift; path = DatePickerTextField.swift; sourceTree = "<group>"; };
		0A1777992B9235E100A635DD /* EventCell.swift */ = {isa = PBXFileReference; lastKnownFileType = sourcecode.swift; path = EventCell.swift; sourceTree = "<group>"; };
		0A17779B2B92373F00A635DD /* EventDetailView.swift */ = {isa = PBXFileReference; lastKnownFileType = sourcecode.swift; path = EventDetailView.swift; sourceTree = "<group>"; };
		0A17779F2B9239EC00A635DD /* Functions.swift */ = {isa = PBXFileReference; lastKnownFileType = sourcecode.swift; path = Functions.swift; sourceTree = "<group>"; };
		0A1777A12B923F4300A635DD /* UISegmentedControl.swift */ = {isa = PBXFileReference; lastKnownFileType = sourcecode.swift; path = UISegmentedControl.swift; sourceTree = "<group>"; };
		0A1777A32B923FE100A635DD /* BudgetCell.swift */ = {isa = PBXFileReference; lastKnownFileType = sourcecode.swift; path = BudgetCell.swift; sourceTree = "<group>"; };
		0A1777A52B92403400A635DD /* BudgetModel.swift */ = {isa = PBXFileReference; lastKnownFileType = sourcecode.swift; path = BudgetModel.swift; sourceTree = "<group>"; };
		0A1777A92B9243AA00A635DD /* BudgetTabViewModel.swift */ = {isa = PBXFileReference; lastKnownFileType = sourcecode.swift; path = BudgetTabViewModel.swift; sourceTree = "<group>"; };
		0A1777AB2B924A1700A635DD /* NewBudgetView.swift */ = {isa = PBXFileReference; lastKnownFileType = sourcecode.swift; path = NewBudgetView.swift; sourceTree = "<group>"; };
		0A1777AD2B924AA500A635DD /* NewBudgetViewModel.swift */ = {isa = PBXFileReference; lastKnownFileType = sourcecode.swift; path = NewBudgetViewModel.swift; sourceTree = "<group>"; };
		0A1F8F2C2B90EC0C006A9F46 /* LoadingViewModel.swift */ = {isa = PBXFileReference; lastKnownFileType = sourcecode.swift; path = LoadingViewModel.swift; sourceTree = "<group>"; };
		0A1F8F2F2B90EE2D006A9F46 /* CustomButton.swift */ = {isa = PBXFileReference; lastKnownFileType = sourcecode.swift; path = CustomButton.swift; sourceTree = "<group>"; };
		0A1F8F312B90EF44006A9F46 /* OnboardingView.swift */ = {isa = PBXFileReference; lastKnownFileType = sourcecode.swift; path = OnboardingView.swift; sourceTree = "<group>"; };
		0A1F8F332B90EF4D006A9F46 /* OnboardingViewModel.swift */ = {isa = PBXFileReference; lastKnownFileType = sourcecode.swift; path = OnboardingViewModel.swift; sourceTree = "<group>"; };
		0A1F8F352B90F295006A9F46 /* PageIndicator.swift */ = {isa = PBXFileReference; lastKnownFileType = sourcecode.swift; path = PageIndicator.swift; sourceTree = "<group>"; };
		0A1F8F372B9132A5006A9F46 /* TabBarView.swift */ = {isa = PBXFileReference; lastKnownFileType = sourcecode.swift; path = TabBarView.swift; sourceTree = "<group>"; };
		0A1F8F3C2B913330006A9F46 /* ArticlesTabView.swift */ = {isa = PBXFileReference; lastKnownFileType = sourcecode.swift; path = ArticlesTabView.swift; sourceTree = "<group>"; };
		0A1F8F3E2B913337006A9F46 /* EventsTabView.swift */ = {isa = PBXFileReference; lastKnownFileType = sourcecode.swift; path = EventsTabView.swift; sourceTree = "<group>"; };
		0A1F8F402B91333E006A9F46 /* BudgetTabView.swift */ = {isa = PBXFileReference; lastKnownFileType = sourcecode.swift; path = BudgetTabView.swift; sourceTree = "<group>"; };
		0A1F8F422B913345006A9F46 /* PostsTabView.swift */ = {isa = PBXFileReference; lastKnownFileType = sourcecode.swift; path = PostsTabView.swift; sourceTree = "<group>"; };
		0A1F8F442B91334B006A9F46 /* SettingsTabView.swift */ = {isa = PBXFileReference; lastKnownFileType = sourcecode.swift; path = SettingsTabView.swift; sourceTree = "<group>"; };
		0A1F8F492B913834006A9F46 /* NavigationBar.swift */ = {isa = PBXFileReference; lastKnownFileType = sourcecode.swift; path = NavigationBar.swift; sourceTree = "<group>"; };
		0A1F8F512B913A0A006A9F46 /* ArticleModel.swift */ = {isa = PBXFileReference; lastKnownFileType = sourcecode.swift; path = ArticleModel.swift; sourceTree = "<group>"; };
		0A1F8F532B913BC8006A9F46 /* NewArticleView.swift */ = {isa = PBXFileReference; lastKnownFileType = sourcecode.swift; path = NewArticleView.swift; sourceTree = "<group>"; };
		0A1F8F552B913BE3006A9F46 /* CustomTextField.swift */ = {isa = PBXFileReference; lastKnownFileType = sourcecode.swift; path = CustomTextField.swift; sourceTree = "<group>"; };
		0A1F8F592B913E7B006A9F46 /* StatusTextField.swift */ = {isa = PBXFileReference; lastKnownFileType = sourcecode.swift; path = StatusTextField.swift; sourceTree = "<group>"; };
		0A1F8F5D2B9147EB006A9F46 /* NewArticleViewModel.swift */ = {isa = PBXFileReference; lastKnownFileType = sourcecode.swift; path = NewArticleViewModel.swift; sourceTree = "<group>"; };
		0A1F8F5F2B915017006A9F46 /* ArticlesTabViewModel.swift */ = {isa = PBXFileReference; lastKnownFileType = sourcecode.swift; path = ArticlesTabViewModel.swift; sourceTree = "<group>"; };
		0A1F8F622B9151D7006A9F46 /* ArticleCell.swift */ = {isa = PBXFileReference; lastKnownFileType = sourcecode.swift; path = ArticleCell.swift; sourceTree = "<group>"; };
		0A1F8F652B9152FE006A9F46 /* ArticleDetailView.swift */ = {isa = PBXFileReference; lastKnownFileType = sourcecode.swift; path = ArticleDetailView.swift; sourceTree = "<group>"; };
		0A1F8F682B9153A7006A9F46 /* DragIndicator.swift */ = {isa = PBXFileReference; lastKnownFileType = sourcecode.swift; path = DragIndicator.swift; sourceTree = "<group>"; };
		0A1F8F6C2B916A27006A9F46 /* SettingsTabViewModel.swift */ = {isa = PBXFileReference; lastKnownFileType = sourcecode.swift; path = SettingsTabViewModel.swift; sourceTree = "<group>"; };
		0A1F8F6F2B916FBE006A9F46 /* ActivityView.swift */ = {isa = PBXFileReference; lastKnownFileType = sourcecode.swift; path = ActivityView.swift; sourceTree = "<group>"; };
		0A41825A2B92731E0054946D /* EventsTabViewModel.swift */ = {isa = PBXFileReference; lastKnownFileType = sourcecode.swift; path = EventsTabViewModel.swift; sourceTree = "<group>"; };
		0A41825C2B92753A0054946D /* PostsModel.swift */ = {isa = PBXFileReference; lastKnownFileType = sourcecode.swift; path = PostsModel.swift; sourceTree = "<group>"; };
		0A41825E2B92758A0054946D /* PostsTabViewModel.swift */ = {isa = PBXFileReference; lastKnownFileType = sourcecode.swift; path = PostsTabViewModel.swift; sourceTree = "<group>"; };
		0A4182602B9275D60054946D /* NewPostView.swift */ = {isa = PBXFileReference; lastKnownFileType = sourcecode.swift; path = NewPostView.swift; sourceTree = "<group>"; };
		0A4182622B9275FE0054946D /* NewPostViewModel.swift */ = {isa = PBXFileReference; lastKnownFileType = sourcecode.swift; path = NewPostViewModel.swift; sourceTree = "<group>"; };
		0A4182642B9277330054946D /* PostCell.swift */ = {isa = PBXFileReference; lastKnownFileType = sourcecode.swift; path = PostCell.swift; sourceTree = "<group>"; };
		0A4182662B9277FF0054946D /* PostDetailView.swift */ = {isa = PBXFileReference; lastKnownFileType = sourcecode.swift; path = PostDetailView.swift; sourceTree = "<group>"; };
		0A4EFD7D2B8F953600DA4FA5 /* JNApp.swift */ = {isa = PBXFileReference; fileEncoding = 4; lastKnownFileType = sourcecode.swift; path = JNApp.swift; sourceTree = "<group>"; };
		0A4EFD7F2B8F953600DA4FA5 /* Assets.xcassets */ = {isa = PBXFileReference; lastKnownFileType = folder.assetcatalog; path = Assets.xcassets; sourceTree = "<group>"; };
		0A4EFD812B8F953600DA4FA5 /* Preview Assets.xcassets */ = {isa = PBXFileReference; lastKnownFileType = folder.assetcatalog; path = "Preview Assets.xcassets"; sourceTree = "<group>"; };
		0A4EFD822B8F953600DA4FA5 /* Launch Screen.storyboard */ = {isa = PBXFileReference; fileEncoding = 4; lastKnownFileType = file.storyboard; path = "Launch Screen.storyboard"; sourceTree = "<group>"; };
		0A4EFD832B8F953600DA4FA5 /* Info.plist */ = {isa = PBXFileReference; fileEncoding = 4; lastKnownFileType = text.plist.xml; path = Info.plist; sourceTree = "<group>"; };
		0A4EFD852B8F953600DA4FA5 /* LoadingView.swift */ = {isa = PBXFileReference; fileEncoding = 4; lastKnownFileType = sourcecode.swift; path = LoadingView.swift; sourceTree = "<group>"; };
		0A4EFD882B8F953600DA4FA5 /* StorageService.swift */ = {isa = PBXFileReference; fileEncoding = 4; lastKnownFileType = sourcecode.swift; path = StorageService.swift; sourceTree = "<group>"; };
		0A4EFD8A2B8F953600DA4FA5 /* Constants.swift */ = {isa = PBXFileReference; fileEncoding = 4; lastKnownFileType = sourcecode.swift; path = Constants.swift; sourceTree = "<group>"; };
		0A4EFD8C2B8F953600DA4FA5 /* View.swift */ = {isa = PBXFileReference; fileEncoding = 4; lastKnownFileType = sourcecode.swift; path = View.swift; sourceTree = "<group>"; };
		EB63AE7A2AE810A300454218 /* Accounting League.app */ = {isa = PBXFileReference; explicitFileType = wrapper.application; includeInIndex = 0; path = "Accounting League.app"; sourceTree = BUILT_PRODUCTS_DIR; };
/* End PBXFileReference section */

/* Begin PBXFrameworksBuildPhase section */
		EB63AE772AE810A300454218 /* Frameworks */ = {
			isa = PBXFrameworksBuildPhase;
			buildActionMask = 2147483647;
			files = (
				0A1F8F4F2B9139F4006A9F46 /* RealmSwift in Frameworks */,
				0A1F8F4D2B9139F4006A9F46 /* Realm in Frameworks */,
			);
			runOnlyForDeploymentPostprocessing = 0;
		};
/* End PBXFrameworksBuildPhase section */

/* Begin PBXGroup section */
		0A1F8F2A2B90EBAB006A9F46 /* ViewModels */ = {
			isa = PBXGroup;
			children = (
				0A1F8F2C2B90EC0C006A9F46 /* LoadingViewModel.swift */,
				0A1F8F332B90EF4D006A9F46 /* OnboardingViewModel.swift */,
				0A1F8F5D2B9147EB006A9F46 /* NewArticleViewModel.swift */,
				0A1F8F5F2B915017006A9F46 /* ArticlesTabViewModel.swift */,
				0A1F8F6C2B916A27006A9F46 /* SettingsTabViewModel.swift */,
				0A1777952B922D6500A635DD /* NewEventViewModel.swift */,
				0A1777A92B9243AA00A635DD /* BudgetTabViewModel.swift */,
				0A1777AD2B924AA500A635DD /* NewBudgetViewModel.swift */,
				0A41825A2B92731E0054946D /* EventsTabViewModel.swift */,
				0A41825E2B92758A0054946D /* PostsTabViewModel.swift */,
				0A4182622B9275FE0054946D /* NewPostViewModel.swift */,
			);
			path = ViewModels;
			sourceTree = "<group>";
		};
		0A1F8F2B2B90EBBF006A9F46 /* Services */ = {
			isa = PBXGroup;
			children = (
				0A4EFD882B8F953600DA4FA5 /* StorageService.swift */,
			);
			path = Services;
			sourceTree = "<group>";
		};
		0A1F8F2E2B90EDEE006A9F46 /* Subviews */ = {
			isa = PBXGroup;
			children = (
				0A1F8F612B9151CD006A9F46 /* Cells */,
				0A1F8F2F2B90EE2D006A9F46 /* CustomButton.swift */,
				0A1F8F352B90F295006A9F46 /* PageIndicator.swift */,
				0A1F8F492B913834006A9F46 /* NavigationBar.swift */,
				0A1F8F552B913BE3006A9F46 /* CustomTextField.swift */,
				0A1F8F592B913E7B006A9F46 /* StatusTextField.swift */,
				0A1F8F682B9153A7006A9F46 /* DragIndicator.swift */,
				0A1777932B922CFE00A635DD /* SportsScroll.swift */,
				0A1777972B92319200A635DD /* DatePickerTextField.swift */,
			);
			path = Subviews;
			sourceTree = "<group>";
		};
		0A1F8F3B2B913326006A9F46 /* Tabs */ = {
			isa = PBXGroup;
			children = (
				0A1F8F3C2B913330006A9F46 /* ArticlesTabView.swift */,
				0A1F8F3E2B913337006A9F46 /* EventsTabView.swift */,
				0A1F8F402B91333E006A9F46 /* BudgetTabView.swift */,
				0A1F8F422B913345006A9F46 /* PostsTabView.swift */,
				0A1F8F442B91334B006A9F46 /* SettingsTabView.swift */,
			);
			path = Tabs;
			sourceTree = "<group>";
		};
		0A1F8F502B9139FF006A9F46 /* Models */ = {
			isa = PBXGroup;
			children = (
				0A1F8F512B913A0A006A9F46 /* ArticleModel.swift */,
				0A17778D2B922AE300A635DD /* EventModel.swift */,
				0A1777A52B92403400A635DD /* BudgetModel.swift */,
				0A41825C2B92753A0054946D /* PostsModel.swift */,
			);
			path = Models;
			sourceTree = "<group>";
		};
		0A1F8F612B9151CD006A9F46 /* Cells */ = {
			isa = PBXGroup;
			children = (
				0A1F8F622B9151D7006A9F46 /* ArticleCell.swift */,
				0A1777992B9235E100A635DD /* EventCell.swift */,
				0A1777A32B923FE100A635DD /* BudgetCell.swift */,
				0A4182642B9277330054946D /* PostCell.swift */,
			);
			path = Cells;
			sourceTree = "<group>";
		};
		0A1F8F642B9152F2006A9F46 /* DetailViews */ = {
			isa = PBXGroup;
			children = (
				0A1F8F652B9152FE006A9F46 /* ArticleDetailView.swift */,
				0A17779B2B92373F00A635DD /* EventDetailView.swift */,
				0A4182662B9277FF0054946D /* PostDetailView.swift */,
			);
			path = DetailViews;
			sourceTree = "<group>";
		};
		0A1F8F672B91538E006A9F46 /* Sheets */ = {
			isa = PBXGroup;
			children = (
				0A1F8F532B913BC8006A9F46 /* NewArticleView.swift */,
				0A1777912B922CC600A635DD /* NewEventView.swift */,
				0A1777AB2B924A1700A635DD /* NewBudgetView.swift */,
				0A4182602B9275D60054946D /* NewPostView.swift */,
			);
			path = Sheets;
			sourceTree = "<group>";
		};
		0A1F8F6E2B916C1B006A9F46 /* Representable */ = {
			isa = PBXGroup;
			children = (
				0A1F8F6F2B916FBE006A9F46 /* ActivityView.swift */,
			);
			path = Representable;
			sourceTree = "<group>";
		};
		0A4EFD7B2B8F953600DA4FA5 /* Accounting League */ = {
			isa = PBXGroup;
			children = (
				0A4EFD7C2B8F953600DA4FA5 /* App */,
				0A4EFD7E2B8F953600DA4FA5 /* Resources */,
				0A1F8F2B2B90EBBF006A9F46 /* Services */,
				0A1F8F2E2B90EDEE006A9F46 /* Subviews */,
				0A4EFD842B8F953600DA4FA5 /* Views */,
				0A1F8F2A2B90EBAB006A9F46 /* ViewModels */,
				0A4EFD862B8F953600DA4FA5 /* Utils */,
			);
			path = "Accounting League";
			sourceTree = "<group>";
		};
		0A4EFD7C2B8F953600DA4FA5 /* App */ = {
			isa = PBXGroup;
			children = (
				0A4EFD7D2B8F953600DA4FA5 /* JNApp.swift */,
			);
			path = App;
			sourceTree = "<group>";
		};
		0A4EFD7E2B8F953600DA4FA5 /* Resources */ = {
			isa = PBXGroup;
			children = (
				0A4EFD7F2B8F953600DA4FA5 /* Assets.xcassets */,
				0A4EFD802B8F953600DA4FA5 /* Preview Content */,
				0A4EFD822B8F953600DA4FA5 /* Launch Screen.storyboard */,
				0A4EFD832B8F953600DA4FA5 /* Info.plist */,
			);
			path = Resources;
			sourceTree = "<group>";
		};
		0A4EFD802B8F953600DA4FA5 /* Preview Content */ = {
			isa = PBXGroup;
			children = (
				0A4EFD812B8F953600DA4FA5 /* Preview Assets.xcassets */,
			);
			path = "Preview Content";
			sourceTree = "<group>";
		};
		0A4EFD842B8F953600DA4FA5 /* Views */ = {
			isa = PBXGroup;
			children = (
				0A1F8F642B9152F2006A9F46 /* DetailViews */,
				0A1F8F3B2B913326006A9F46 /* Tabs */,
				0A1F8F672B91538E006A9F46 /* Sheets */,
				0A4EFD852B8F953600DA4FA5 /* LoadingView.swift */,
				0A1F8F312B90EF44006A9F46 /* OnboardingView.swift */,
				0A1F8F372B9132A5006A9F46 /* TabBarView.swift */,
			);
			path = Views;
			sourceTree = "<group>";
		};
		0A4EFD862B8F953600DA4FA5 /* Utils */ = {
			isa = PBXGroup;
			children = (
				0A1F8F6E2B916C1B006A9F46 /* Representable */,
				0A1F8F502B9139FF006A9F46 /* Models */,
				0A4EFD892B8F953600DA4FA5 /* Enums */,
				0A4EFD8B2B8F953600DA4FA5 /* Extensions */,
				0A17779F2B9239EC00A635DD /* Functions.swift */,
			);
			path = Utils;
			sourceTree = "<group>";
		};
		0A4EFD892B8F953600DA4FA5 /* Enums */ = {
			isa = PBXGroup;
			children = (
				0A4EFD8A2B8F953600DA4FA5 /* Constants.swift */,
			);
			path = Enums;
			sourceTree = "<group>";
		};
		0A4EFD8B2B8F953600DA4FA5 /* Extensions */ = {
			isa = PBXGroup;
			children = (
				0A4EFD8C2B8F953600DA4FA5 /* View.swift */,
				0A1777A12B923F4300A635DD /* UISegmentedControl.swift */,
			);
			path = Extensions;
			sourceTree = "<group>";
		};
		EB63AE712AE810A300454218 = {
			isa = PBXGroup;
			children = (
				0A4EFD7B2B8F953600DA4FA5 /* Accounting League */,
				EB63AE7B2AE810A300454218 /* Products */,
			);
			sourceTree = "<group>";
		};
		EB63AE7B2AE810A300454218 /* Products */ = {
			isa = PBXGroup;
			children = (
				EB63AE7A2AE810A300454218 /* Accounting League.app */,
			);
			name = Products;
			sourceTree = "<group>";
		};
/* End PBXGroup section */

/* Begin PBXNativeTarget section */
		EB63AE792AE810A300454218 /* Accounting League */ = {
			isa = PBXNativeTarget;
			buildConfigurationList = EB63AE882AE810A500454218 /* Build configuration list for PBXNativeTarget "Accounting League" */;
			buildPhases = (
				EB63AE762AE810A300454218 /* Sources */,
				EB63AE772AE810A300454218 /* Frameworks */,
				EB63AE782AE810A300454218 /* Resources */,
			);
			buildRules = (
			);
			dependencies = (
			);
			name = "Accounting League";
			packageProductDependencies = (
				0A1F8F4C2B9139F4006A9F46 /* Realm */,
				0A1F8F4E2B9139F4006A9F46 /* RealmSwift */,
			);
			productName = SwiftUIApps;
			productReference = EB63AE7A2AE810A300454218 /* Accounting League.app */;
			productType = "com.apple.product-type.application";
		};
/* End PBXNativeTarget section */

/* Begin PBXProject section */
		EB63AE722AE810A300454218 /* Project object */ = {
			isa = PBXProject;
			attributes = {
				BuildIndependentTargetsInParallel = 1;
				LastSwiftUpdateCheck = 1500;
				LastUpgradeCheck = 1500;
				TargetAttributes = {
					EB63AE792AE810A300454218 = {
						CreatedOnToolsVersion = 15.0.1;
					};
				};
			};
			buildConfigurationList = EB63AE752AE810A300454218 /* Build configuration list for PBXProject "Accounting League" */;
			compatibilityVersion = "Xcode 14.0";
			developmentRegion = en;
			hasScannedForEncodings = 0;
			knownRegions = (
				en,
				Base,
			);
			mainGroup = EB63AE712AE810A300454218;
			packageReferences = (
				0A1F8F4B2B9139F4006A9F46 /* XCRemoteSwiftPackageReference "realm-swift" */,
			);
			productRefGroup = EB63AE7B2AE810A300454218 /* Products */;
			projectDirPath = "";
			projectRoot = "";
			targets = (
				EB63AE792AE810A300454218 /* Accounting League */,
			);
		};
/* End PBXProject section */

/* Begin PBXResourcesBuildPhase section */
		EB63AE782AE810A300454218 /* Resources */ = {
			isa = PBXResourcesBuildPhase;
			buildActionMask = 2147483647;
			files = (
				0A4EFD932B8F953600DA4FA5 /* Launch Screen.storyboard in Resources */,
				0A4EFD922B8F953600DA4FA5 /* Preview Assets.xcassets in Resources */,
				0A4EFD912B8F953600DA4FA5 /* Assets.xcassets in Resources */,
			);
			runOnlyForDeploymentPostprocessing = 0;
		};
/* End PBXResourcesBuildPhase section */

/* Begin PBXSourcesBuildPhase section */
		EB63AE762AE810A300454218 /* Sources */ = {
			isa = PBXSourcesBuildPhase;
			buildActionMask = 2147483647;
			files = (
				0A4EFD962B8F953600DA4FA5 /* StorageService.swift in Sources */,
				0A4EFD952B8F953600DA4FA5 /* LoadingView.swift in Sources */,
				0A1F8F5E2B9147EB006A9F46 /* NewArticleViewModel.swift in Sources */,
				0A1F8F382B9132A5006A9F46 /* TabBarView.swift in Sources */,
				0A1F8F302B90EE2D006A9F46 /* CustomButton.swift in Sources */,
				0A41825D2B92753A0054946D /* PostsModel.swift in Sources */,
				0A1777A22B923F4300A635DD /* UISegmentedControl.swift in Sources */,
				0A1777AC2B924A1700A635DD /* NewBudgetView.swift in Sources */,
				0A1F8F322B90EF44006A9F46 /* OnboardingView.swift in Sources */,
				0A1F8F3F2B913337006A9F46 /* EventsTabView.swift in Sources */,
				0A1777A62B92403400A635DD /* BudgetModel.swift in Sources */,
				0A41825B2B92731E0054946D /* EventsTabViewModel.swift in Sources */,
				0A1777942B922CFE00A635DD /* SportsScroll.swift in Sources */,
				0A1777AE2B924AA500A635DD /* NewBudgetViewModel.swift in Sources */,
				0A1777922B922CC600A635DD /* NewEventView.swift in Sources */,
				0A1F8F602B915017006A9F46 /* ArticlesTabViewModel.swift in Sources */,
				0A1F8F522B913A0A006A9F46 /* ArticleModel.swift in Sources */,
				0A41825F2B92758A0054946D /* PostsTabViewModel.swift in Sources */,
				0A1777A02B9239EC00A635DD /* Functions.swift in Sources */,
				0A1777AA2B9243AA00A635DD /* BudgetTabViewModel.swift in Sources */,
				0A1F8F362B90F295006A9F46 /* PageIndicator.swift in Sources */,
				0A1F8F2D2B90EC0C006A9F46 /* LoadingViewModel.swift in Sources */,
				0A1F8F412B91333E006A9F46 /* BudgetTabView.swift in Sources */,
				0A1F8F632B9151D7006A9F46 /* ArticleCell.swift in Sources */,
				0A1777962B922D6500A635DD /* NewEventViewModel.swift in Sources */,
				0A1F8F6D2B916A27006A9F46 /* SettingsTabViewModel.swift in Sources */,
				0A1F8F662B9152FE006A9F46 /* ArticleDetailView.swift in Sources */,
				0A4182632B9275FE0054946D /* NewPostViewModel.swift in Sources */,
				0A1F8F542B913BC8006A9F46 /* NewArticleView.swift in Sources */,
				0A1F8F562B913BE3006A9F46 /* CustomTextField.swift in Sources */,
				0A1F8F692B9153A7006A9F46 /* DragIndicator.swift in Sources */,
				0A1777982B92319200A635DD /* DatePickerTextField.swift in Sources */,
				0A4182672B9277FF0054946D /* PostDetailView.swift in Sources */,
				0A1F8F432B913345006A9F46 /* PostsTabView.swift in Sources */,
				0A4EFD982B8F953600DA4FA5 /* View.swift in Sources */,
				0A1F8F342B90EF4D006A9F46 /* OnboardingViewModel.swift in Sources */,
				0A4EFD902B8F953600DA4FA5 /* JNApp.swift in Sources */,
				0A1777A42B923FE100A635DD /* BudgetCell.swift in Sources */,
				0A17779A2B9235E100A635DD /* EventCell.swift in Sources */,
				0A4EFD972B8F953600DA4FA5 /* Constants.swift in Sources */,
				0A17778E2B922AE300A635DD /* EventModel.swift in Sources */,
				0A1F8F3D2B913330006A9F46 /* ArticlesTabView.swift in Sources */,
				0A1F8F5A2B913E7B006A9F46 /* StatusTextField.swift in Sources */,
				0A4182612B9275D60054946D /* NewPostView.swift in Sources */,
				0A17779C2B92373F00A635DD /* EventDetailView.swift in Sources */,
				0A1F8F702B916FBE006A9F46 /* ActivityView.swift in Sources */,
				0A1F8F452B91334B006A9F46 /* SettingsTabView.swift in Sources */,
				0A1F8F4A2B913834006A9F46 /* NavigationBar.swift in Sources */,
				0A4182652B9277330054946D /* PostCell.swift in Sources */,
			);
			runOnlyForDeploymentPostprocessing = 0;
		};
/* End PBXSourcesBuildPhase section */

/* Begin XCBuildConfiguration section */
		EB63AE862AE810A500454218 /* Debug */ = {
			isa = XCBuildConfiguration;
			buildSettings = {
				ALWAYS_SEARCH_USER_PATHS = NO;
				ASSETCATALOG_COMPILER_GENERATE_SWIFT_ASSET_SYMBOL_EXTENSIONS = YES;
				CLANG_ANALYZER_NONNULL = YES;
				CLANG_ANALYZER_NUMBER_OBJECT_CONVERSION = YES_AGGRESSIVE;
				CLANG_CXX_LANGUAGE_STANDARD = "gnu++20";
				CLANG_ENABLE_MODULES = YES;
				CLANG_ENABLE_OBJC_ARC = YES;
				CLANG_ENABLE_OBJC_WEAK = YES;
				CLANG_WARN_BLOCK_CAPTURE_AUTORELEASING = YES;
				CLANG_WARN_BOOL_CONVERSION = YES;
				CLANG_WARN_COMMA = YES;
				CLANG_WARN_CONSTANT_CONVERSION = YES;
				CLANG_WARN_DEPRECATED_OBJC_IMPLEMENTATIONS = YES;
				CLANG_WARN_DIRECT_OBJC_ISA_USAGE = YES_ERROR;
				CLANG_WARN_DOCUMENTATION_COMMENTS = YES;
				CLANG_WARN_EMPTY_BODY = YES;
				CLANG_WARN_ENUM_CONVERSION = YES;
				CLANG_WARN_INFINITE_RECURSION = YES;
				CLANG_WARN_INT_CONVERSION = YES;
				CLANG_WARN_NON_LITERAL_NULL_CONVERSION = YES;
				CLANG_WARN_OBJC_IMPLICIT_RETAIN_SELF = YES;
				CLANG_WARN_OBJC_LITERAL_CONVERSION = YES;
				CLANG_WARN_OBJC_ROOT_CLASS = YES_ERROR;
				CLANG_WARN_QUOTED_INCLUDE_IN_FRAMEWORK_HEADER = YES;
				CLANG_WARN_RANGE_LOOP_ANALYSIS = YES;
				CLANG_WARN_STRICT_PROTOTYPES = YES;
				CLANG_WARN_SUSPICIOUS_MOVE = YES;
				CLANG_WARN_UNGUARDED_AVAILABILITY = YES_AGGRESSIVE;
				CLANG_WARN_UNREACHABLE_CODE = YES;
				CLANG_WARN__DUPLICATE_METHOD_MATCH = YES;
				COPY_PHASE_STRIP = NO;
				DEBUG_INFORMATION_FORMAT = dwarf;
				ENABLE_STRICT_OBJC_MSGSEND = YES;
				ENABLE_TESTABILITY = YES;
				ENABLE_USER_SCRIPT_SANDBOXING = YES;
				GCC_C_LANGUAGE_STANDARD = gnu17;
				GCC_DYNAMIC_NO_PIC = NO;
				GCC_NO_COMMON_BLOCKS = YES;
				GCC_OPTIMIZATION_LEVEL = 0;
				GCC_PREPROCESSOR_DEFINITIONS = (
					"DEBUG=1",
					"$(inherited)",
				);
				GCC_WARN_64_TO_32_BIT_CONVERSION = YES;
				GCC_WARN_ABOUT_RETURN_TYPE = YES_ERROR;
				GCC_WARN_UNDECLARED_SELECTOR = YES;
				GCC_WARN_UNINITIALIZED_AUTOS = YES_AGGRESSIVE;
				GCC_WARN_UNUSED_FUNCTION = YES;
				GCC_WARN_UNUSED_VARIABLE = YES;
				IPHONEOS_DEPLOYMENT_TARGET = 14.0;
				LOCALIZATION_PREFERS_STRING_CATALOGS = YES;
				MTL_ENABLE_DEBUG_INFO = INCLUDE_SOURCE;
				MTL_FAST_MATH = YES;
				ONLY_ACTIVE_ARCH = YES;
				SDKROOT = iphoneos;
				SWIFT_ACTIVE_COMPILATION_CONDITIONS = "DEBUG $(inherited)";
				SWIFT_OPTIMIZATION_LEVEL = "-Onone";
			};
			name = Debug;
		};
		EB63AE872AE810A500454218 /* Release */ = {
			isa = XCBuildConfiguration;
			buildSettings = {
				ALWAYS_SEARCH_USER_PATHS = NO;
				ASSETCATALOG_COMPILER_GENERATE_SWIFT_ASSET_SYMBOL_EXTENSIONS = YES;
				CLANG_ANALYZER_NONNULL = YES;
				CLANG_ANALYZER_NUMBER_OBJECT_CONVERSION = YES_AGGRESSIVE;
				CLANG_CXX_LANGUAGE_STANDARD = "gnu++20";
				CLANG_ENABLE_MODULES = YES;
				CLANG_ENABLE_OBJC_ARC = YES;
				CLANG_ENABLE_OBJC_WEAK = YES;
				CLANG_WARN_BLOCK_CAPTURE_AUTORELEASING = YES;
				CLANG_WARN_BOOL_CONVERSION = YES;
				CLANG_WARN_COMMA = YES;
				CLANG_WARN_CONSTANT_CONVERSION = YES;
				CLANG_WARN_DEPRECATED_OBJC_IMPLEMENTATIONS = YES;
				CLANG_WARN_DIRECT_OBJC_ISA_USAGE = YES_ERROR;
				CLANG_WARN_DOCUMENTATION_COMMENTS = YES;
				CLANG_WARN_EMPTY_BODY = YES;
				CLANG_WARN_ENUM_CONVERSION = YES;
				CLANG_WARN_INFINITE_RECURSION = YES;
				CLANG_WARN_INT_CONVERSION = YES;
				CLANG_WARN_NON_LITERAL_NULL_CONVERSION = YES;
				CLANG_WARN_OBJC_IMPLICIT_RETAIN_SELF = YES;
				CLANG_WARN_OBJC_LITERAL_CONVERSION = YES;
				CLANG_WARN_OBJC_ROOT_CLASS = YES_ERROR;
				CLANG_WARN_QUOTED_INCLUDE_IN_FRAMEWORK_HEADER = YES;
				CLANG_WARN_RANGE_LOOP_ANALYSIS = YES;
				CLANG_WARN_STRICT_PROTOTYPES = YES;
				CLANG_WARN_SUSPICIOUS_MOVE = YES;
				CLANG_WARN_UNGUARDED_AVAILABILITY = YES_AGGRESSIVE;
				CLANG_WARN_UNREACHABLE_CODE = YES;
				CLANG_WARN__DUPLICATE_METHOD_MATCH = YES;
				COPY_PHASE_STRIP = NO;
				DEBUG_INFORMATION_FORMAT = "dwarf-with-dsym";
				ENABLE_NS_ASSERTIONS = NO;
				ENABLE_STRICT_OBJC_MSGSEND = YES;
				ENABLE_USER_SCRIPT_SANDBOXING = YES;
				GCC_C_LANGUAGE_STANDARD = gnu17;
				GCC_NO_COMMON_BLOCKS = YES;
				GCC_WARN_64_TO_32_BIT_CONVERSION = YES;
				GCC_WARN_ABOUT_RETURN_TYPE = YES_ERROR;
				GCC_WARN_UNDECLARED_SELECTOR = YES;
				GCC_WARN_UNINITIALIZED_AUTOS = YES_AGGRESSIVE;
				GCC_WARN_UNUSED_FUNCTION = YES;
				GCC_WARN_UNUSED_VARIABLE = YES;
				IPHONEOS_DEPLOYMENT_TARGET = 14.0;
				LOCALIZATION_PREFERS_STRING_CATALOGS = YES;
				MTL_ENABLE_DEBUG_INFO = NO;
				MTL_FAST_MATH = YES;
				SDKROOT = iphoneos;
				SWIFT_COMPILATION_MODE = wholemodule;
				VALIDATE_PRODUCT = YES;
			};
			name = Release;
		};
		EB63AE892AE810A500454218 /* Debug */ = {
			isa = XCBuildConfiguration;
			buildSettings = {
				ASSETCATALOG_COMPILER_APPICON_NAME = AppIcon;
				ASSETCATALOG_COMPILER_GLOBAL_ACCENT_COLOR_NAME = AccentColor;
				CODE_SIGN_STYLE = Manual;
				CURRENT_PROJECT_VERSION = 1;
				DEVELOPMENT_ASSET_PATHS = "\"$(TARGET_NAME)/Resources/Preview Content\"";
				DEVELOPMENT_TEAM = "";
				ENABLE_PREVIEWS = YES;
				GENERATE_INFOPLIST_FILE = YES;
				INFOPLIST_FILE = "$(TARGET_NAME)/Resources/Info.plist";
				INFOPLIST_KEY_UIApplicationSceneManifest_Generation = YES;
				INFOPLIST_KEY_UIApplicationSupportsIndirectInputEvents = YES;
				INFOPLIST_KEY_UILaunchScreen_Generation = YES;
				INFOPLIST_KEY_UILaunchStoryboardName = "Launch Screen.storyboard";
				INFOPLIST_KEY_UISupportedInterfaceOrientations = UIInterfaceOrientationPortrait;
				IPHONEOS_DEPLOYMENT_TARGET = 14.0;
				LD_RUNPATH_SEARCH_PATHS = (
					"$(inherited)",
					"@executable_path/Frameworks",
				);
				MARKETING_VERSION = 1.0;
				PRODUCT_BUNDLE_IDENTIFIER = asd;
				PRODUCT_NAME = "$(TARGET_NAME)";
				PROVISIONING_PROFILE_SPECIFIER = "";
				SUPPORTED_PLATFORMS = "iphoneos iphonesimulator";
				SUPPORTS_MACCATALYST = NO;
				SUPPORTS_MAC_DESIGNED_FOR_IPHONE_IPAD = NO;
				SWIFT_EMIT_LOC_STRINGS = YES;
				SWIFT_VERSION = 5.0;
				TARGETED_DEVICE_FAMILY = 1;
			};
			name = Debug;
		};
		EB63AE8A2AE810A500454218 /* Release */ = {
			isa = XCBuildConfiguration;
			buildSettings = {
				ASSETCATALOG_COMPILER_APPICON_NAME = AppIcon;
				ASSETCATALOG_COMPILER_GLOBAL_ACCENT_COLOR_NAME = AccentColor;
				CODE_SIGN_STYLE = Manual;
				CURRENT_PROJECT_VERSION = 1;
				DEVELOPMENT_ASSET_PATHS = "\"$(TARGET_NAME)/Resources/Preview Content\"";
				DEVELOPMENT_TEAM = "";
				ENABLE_PREVIEWS = YES;
				GENERATE_INFOPLIST_FILE = YES;
				INFOPLIST_FILE = "$(TARGET_NAME)/Resources/Info.plist";
				INFOPLIST_KEY_UIApplicationSceneManifest_Generation = YES;
				INFOPLIST_KEY_UIApplicationSupportsIndirectInputEvents = YES;
				INFOPLIST_KEY_UILaunchScreen_Generation = YES;
				INFOPLIST_KEY_UILaunchStoryboardName = "Launch Screen.storyboard";
				INFOPLIST_KEY_UISupportedInterfaceOrientations = UIInterfaceOrientationPortrait;
				IPHONEOS_DEPLOYMENT_TARGET = 14.0;
				LD_RUNPATH_SEARCH_PATHS = (
					"$(inherited)",
					"@executable_path/Frameworks",
				);
				MARKETING_VERSION = 1.0;
				PRODUCT_BUNDLE_IDENTIFIER = asd;
				PRODUCT_NAME = "$(TARGET_NAME)";
				PROVISIONING_PROFILE_SPECIFIER = "";
				SUPPORTED_PLATFORMS = "iphoneos iphonesimulator";
				SUPPORTS_MACCATALYST = NO;
				SUPPORTS_MAC_DESIGNED_FOR_IPHONE_IPAD = NO;
				SWIFT_EMIT_LOC_STRINGS = YES;
				SWIFT_VERSION = 5.0;
				TARGETED_DEVICE_FAMILY = 1;
			};
			name = Release;
		};
/* End XCBuildConfiguration section */

/* Begin XCConfigurationList section */
		EB63AE752AE810A300454218 /* Build configuration list for PBXProject "Accounting League" */ = {
			isa = XCConfigurationList;
			buildConfigurations = (
				EB63AE862AE810A500454218 /* Debug */,
				EB63AE872AE810A500454218 /* Release */,
			);
			defaultConfigurationIsVisible = 0;
			defaultConfigurationName = Release;
		};
		EB63AE882AE810A500454218 /* Build configuration list for PBXNativeTarget "Accounting League" */ = {
			isa = XCConfigurationList;
			buildConfigurations = (
				EB63AE892AE810A500454218 /* Debug */,
				EB63AE8A2AE810A500454218 /* Release */,
			);
			defaultConfigurationIsVisible = 0;
			defaultConfigurationName = Release;
		};
/* End XCConfigurationList section */

/* Begin XCRemoteSwiftPackageReference section */
		0A1F8F4B2B9139F4006A9F46 /* XCRemoteSwiftPackageReference "realm-swift" */ = {
			isa = XCRemoteSwiftPackageReference;
			repositoryURL = "https://github.com/realm/realm-swift";
			requirement = {
				branch = master;
				kind = branch;
			};
		};
/* End XCRemoteSwiftPackageReference section */

/* Begin XCSwiftPackageProductDependency section */
		0A1F8F4C2B9139F4006A9F46 /* Realm */ = {
			isa = XCSwiftPackageProductDependency;
			package = 0A1F8F4B2B9139F4006A9F46 /* XCRemoteSwiftPackageReference "realm-swift" */;
			productName = Realm;
		};
		0A1F8F4E2B9139F4006A9F46 /* RealmSwift */ = {
			isa = XCSwiftPackageProductDependency;
			package = 0A1F8F4B2B9139F4006A9F46 /* XCRemoteSwiftPackageReference "realm-swift" */;
			productName = RealmSwift;
		};
/* End XCSwiftPackageProductDependency section */
	};
	rootObject = EB63AE722AE810A300454218 /* Project object */;
}
